// !$*UTF8*$!
{
	archiveVersion = 1;
	classes = {
	};
	objectVersion = 50;
	objects = {

/* Begin PBXBuildFile section */
		478CA5F696D41C786092B5F8 /* Pods_LernplattformApp.framework in Frameworks */ = {isa = PBXBuildFile; fileRef = 6449D52A2519CA705F5C737A /* Pods_LernplattformApp.framework */; };
		D26897A2222E4FFE00ACC8D5 /* AppDelegate.swift in Sources */ = {isa = PBXBuildFile; fileRef = D26897A1222E4FFE00ACC8D5 /* AppDelegate.swift */; };
		D26897A4222E4FFE00ACC8D5 /* ViewController.swift in Sources */ = {isa = PBXBuildFile; fileRef = D26897A3222E4FFE00ACC8D5 /* ViewController.swift */; };
		D26897A7222E4FFE00ACC8D5 /* Main.storyboard in Resources */ = {isa = PBXBuildFile; fileRef = D26897A5222E4FFE00ACC8D5 /* Main.storyboard */; };
		D26897A9222E4FFE00ACC8D5 /* Assets.xcassets in Resources */ = {isa = PBXBuildFile; fileRef = D26897A8222E4FFE00ACC8D5 /* Assets.xcassets */; };
		D26897AC222E4FFE00ACC8D5 /* LaunchScreen.storyboard in Resources */ = {isa = PBXBuildFile; fileRef = D26897AA222E4FFE00ACC8D5 /* LaunchScreen.storyboard */; };
		D26897BB222E521300ACC8D5 /* API Models.swift in Sources */ = {isa = PBXBuildFile; fileRef = D26897B7222E521200ACC8D5 /* API Models.swift */; };
		D26897BC222E521300ACC8D5 /* Extensions.swift in Sources */ = {isa = PBXBuildFile; fileRef = D26897BA222E521200ACC8D5 /* Extensions.swift */; };
		D26897C6222E521E00ACC8D5 /* BaseListController.swift in Sources */ = {isa = PBXBuildFile; fileRef = D26897BE222E521E00ACC8D5 /* BaseListController.swift */; };
		D26897C7222E521E00ACC8D5 /* BaseTabBarController.swift in Sources */ = {isa = PBXBuildFile; fileRef = D26897BF222E521E00ACC8D5 /* BaseTabBarController.swift */; };
		D26897C8222E521E00ACC8D5 /* GradesViewController.swift in Sources */ = {isa = PBXBuildFile; fileRef = D26897C1222E521E00ACC8D5 /* GradesViewController.swift */; };
		D26897C9222E521E00ACC8D5 /* PlanningViewController.swift in Sources */ = {isa = PBXBuildFile; fileRef = D26897C3222E521E00ACC8D5 /* PlanningViewController.swift */; };
		D26897CA222E521E00ACC8D5 /* ProfileViewController.swift in Sources */ = {isa = PBXBuildFile; fileRef = D26897C5222E521E00ACC8D5 /* ProfileViewController.swift */; };
		D26897D8222EAEBA00ACC8D5 /* CalendarView.swift in Sources */ = {isa = PBXBuildFile; fileRef = D26897D7222EAEBA00ACC8D5 /* CalendarView.swift */; };
		D2C631A1222FAB26001BD409 /* CalendarTableViewCell.swift in Sources */ = {isa = PBXBuildFile; fileRef = D2C631A0222FAB26001BD409 /* CalendarTableViewCell.swift */; };
		D2C631A4222FB350001BD409 /* Service.swift in Sources */ = {isa = PBXBuildFile; fileRef = D2C631A3222FB350001BD409 /* Service.swift */; };
/* End PBXBuildFile section */

/* Begin PBXFileReference section */
		6449D52A2519CA705F5C737A /* Pods_LernplattformApp.framework */ = {isa = PBXFileReference; explicitFileType = wrapper.framework; includeInIndex = 0; path = Pods_LernplattformApp.framework; sourceTree = BUILT_PRODUCTS_DIR; };
		68A2EC67D6F01E426182F355 /* Pods-LernplattformApp.debug.xcconfig */ = {isa = PBXFileReference; includeInIndex = 1; lastKnownFileType = text.xcconfig; name = "Pods-LernplattformApp.debug.xcconfig"; path = "Pods/Target Support Files/Pods-LernplattformApp/Pods-LernplattformApp.debug.xcconfig"; sourceTree = "<group>"; };
		9BF2B678B1F8BA2B00A9927D /* Pods-LernplattformApp.release.xcconfig */ = {isa = PBXFileReference; includeInIndex = 1; lastKnownFileType = text.xcconfig; name = "Pods-LernplattformApp.release.xcconfig"; path = "Pods/Target Support Files/Pods-LernplattformApp/Pods-LernplattformApp.release.xcconfig"; sourceTree = "<group>"; };
		D268979E222E4FFE00ACC8D5 /* LernplattformApp.app */ = {isa = PBXFileReference; explicitFileType = wrapper.application; includeInIndex = 0; path = LernplattformApp.app; sourceTree = BUILT_PRODUCTS_DIR; };
		D26897A1222E4FFE00ACC8D5 /* AppDelegate.swift */ = {isa = PBXFileReference; lastKnownFileType = sourcecode.swift; path = AppDelegate.swift; sourceTree = "<group>"; };
		D26897A3222E4FFE00ACC8D5 /* ViewController.swift */ = {isa = PBXFileReference; lastKnownFileType = sourcecode.swift; path = ViewController.swift; sourceTree = "<group>"; };
		D26897A6222E4FFE00ACC8D5 /* Base */ = {isa = PBXFileReference; lastKnownFileType = file.storyboard; name = Base; path = Base.lproj/Main.storyboard; sourceTree = "<group>"; };
		D26897A8222E4FFE00ACC8D5 /* Assets.xcassets */ = {isa = PBXFileReference; lastKnownFileType = folder.assetcatalog; path = Assets.xcassets; sourceTree = "<group>"; };
		D26897AB222E4FFE00ACC8D5 /* Base */ = {isa = PBXFileReference; lastKnownFileType = file.storyboard; name = Base; path = Base.lproj/LaunchScreen.storyboard; sourceTree = "<group>"; };
		D26897AD222E4FFE00ACC8D5 /* Info.plist */ = {isa = PBXFileReference; lastKnownFileType = text.plist.xml; path = Info.plist; sourceTree = "<group>"; };
		D26897B7222E521200ACC8D5 /* API Models.swift */ = {isa = PBXFileReference; fileEncoding = 4; lastKnownFileType = sourcecode.swift; path = "API Models.swift"; sourceTree = "<group>"; };
		D26897BA222E521200ACC8D5 /* Extensions.swift */ = {isa = PBXFileReference; fileEncoding = 4; lastKnownFileType = sourcecode.swift; path = Extensions.swift; sourceTree = "<group>"; };
		D26897BE222E521E00ACC8D5 /* BaseListController.swift */ = {isa = PBXFileReference; fileEncoding = 4; lastKnownFileType = sourcecode.swift; path = BaseListController.swift; sourceTree = "<group>"; };
		D26897BF222E521E00ACC8D5 /* BaseTabBarController.swift */ = {isa = PBXFileReference; fileEncoding = 4; lastKnownFileType = sourcecode.swift; path = BaseTabBarController.swift; sourceTree = "<group>"; };
		D26897C1222E521E00ACC8D5 /* GradesViewController.swift */ = {isa = PBXFileReference; fileEncoding = 4; lastKnownFileType = sourcecode.swift; path = GradesViewController.swift; sourceTree = "<group>"; };
		D26897C3222E521E00ACC8D5 /* PlanningViewController.swift */ = {isa = PBXFileReference; fileEncoding = 4; lastKnownFileType = sourcecode.swift; path = PlanningViewController.swift; sourceTree = "<group>"; };
		D26897C5222E521E00ACC8D5 /* ProfileViewController.swift */ = {isa = PBXFileReference; fileEncoding = 4; lastKnownFileType = sourcecode.swift; path = ProfileViewController.swift; sourceTree = "<group>"; };
		D26897D7222EAEBA00ACC8D5 /* CalendarView.swift */ = {isa = PBXFileReference; lastKnownFileType = sourcecode.swift; path = CalendarView.swift; sourceTree = "<group>"; };
		D2C631A0222FAB26001BD409 /* CalendarTableViewCell.swift */ = {isa = PBXFileReference; lastKnownFileType = sourcecode.swift; path = CalendarTableViewCell.swift; sourceTree = "<group>"; };
		D2C631A3222FB350001BD409 /* Service.swift */ = {isa = PBXFileReference; lastKnownFileType = sourcecode.swift; path = Service.swift; sourceTree = "<group>"; };
/* End PBXFileReference section */

/* Begin PBXFrameworksBuildPhase section */
		D268979B222E4FFE00ACC8D5 /* Frameworks */ = {
			isa = PBXFrameworksBuildPhase;
			buildActionMask = 2147483647;
			files = (
				478CA5F696D41C786092B5F8 /* Pods_LernplattformApp.framework in Frameworks */,
			);
			runOnlyForDeploymentPostprocessing = 0;
		};
/* End PBXFrameworksBuildPhase section */

/* Begin PBXGroup section */
		6ADD3E5A9BB758434207DC88 /* Frameworks */ = {
			isa = PBXGroup;
			children = (
				6449D52A2519CA705F5C737A /* Pods_LernplattformApp.framework */,
			);
			name = Frameworks;
			sourceTree = "<group>";
		};
		D2689795222E4FFE00ACC8D5 = {
			isa = PBXGroup;
			children = (
				D26897A0222E4FFE00ACC8D5 /* LernplattformApp */,
				D268979F222E4FFE00ACC8D5 /* Products */,
				F07868A30A7DD181C66C37FB /* Pods */,
				6ADD3E5A9BB758434207DC88 /* Frameworks */,
			);
			sourceTree = "<group>";
		};
		D268979F222E4FFE00ACC8D5 /* Products */ = {
			isa = PBXGroup;
			children = (
				D268979E222E4FFE00ACC8D5 /* LernplattformApp.app */,
			);
			name = Products;
			sourceTree = "<group>";
		};
		D26897A0222E4FFE00ACC8D5 /* LernplattformApp */ = {
			isa = PBXGroup;
			children = (
				D2C631A2222FB342001BD409 /* Services */,
				D26897B9222E521200ACC8D5 /* Helpers */,
				D26897B6222E521200ACC8D5 /* Models */,
				D26897D6222EAE2800ACC8D5 /* Views */,
				D26897BD222E521E00ACC8D5 /* Controllers */,
				D26897A1222E4FFE00ACC8D5 /* AppDelegate.swift */,
				D26897A3222E4FFE00ACC8D5 /* ViewController.swift */,
				D26897A5222E4FFE00ACC8D5 /* Main.storyboard */,
				D26897A8222E4FFE00ACC8D5 /* Assets.xcassets */,
				D26897AA222E4FFE00ACC8D5 /* LaunchScreen.storyboard */,
				D26897AD222E4FFE00ACC8D5 /* Info.plist */,
			);
			path = LernplattformApp;
			sourceTree = "<group>";
		};
		D26897B6222E521200ACC8D5 /* Models */ = {
			isa = PBXGroup;
			children = (
				D26897B7222E521200ACC8D5 /* API Models.swift */,
			);
			path = Models;
			sourceTree = "<group>";
		};
		D26897B9222E521200ACC8D5 /* Helpers */ = {
			isa = PBXGroup;
			children = (
				D26897BA222E521200ACC8D5 /* Extensions.swift */,
			);
			path = Helpers;
			sourceTree = "<group>";
		};
		D26897BD222E521E00ACC8D5 /* Controllers */ = {
			isa = PBXGroup;
			children = (
				D26897BE222E521E00ACC8D5 /* BaseListController.swift */,
				D26897BF222E521E00ACC8D5 /* BaseTabBarController.swift */,
				D26897C0222E521E00ACC8D5 /* Grades */,
				D26897C2222E521E00ACC8D5 /* Planning */,
				D26897C4222E521E00ACC8D5 /* Profile */,
			);
			path = Controllers;
			sourceTree = "<group>";
		};
		D26897C0222E521E00ACC8D5 /* Grades */ = {
			isa = PBXGroup;
			children = (
				D26897C1222E521E00ACC8D5 /* GradesViewController.swift */,
			);
			path = Grades;
			sourceTree = "<group>";
		};
		D26897C2222E521E00ACC8D5 /* Planning */ = {
			isa = PBXGroup;
			children = (
				D26897C3222E521E00ACC8D5 /* PlanningViewController.swift */,
			);
			path = Planning;
			sourceTree = "<group>";
		};
		D26897C4222E521E00ACC8D5 /* Profile */ = {
			isa = PBXGroup;
			children = (
				D26897C5222E521E00ACC8D5 /* ProfileViewController.swift */,
			);
			path = Profile;
			sourceTree = "<group>";
		};
		D26897D6222EAE2800ACC8D5 /* Views */ = {
			isa = PBXGroup;
			children = (
				D26897D7222EAEBA00ACC8D5 /* CalendarView.swift */,
				D2C631A0222FAB26001BD409 /* CalendarTableViewCell.swift */,
			);
			path = Views;
			sourceTree = "<group>";
		};
		D2C631A2222FB342001BD409 /* Services */ = {
			isa = PBXGroup;
			children = (
				D2C631A3222FB350001BD409 /* Service.swift */,
			);
			path = Services;
			sourceTree = "<group>";
		};
		F07868A30A7DD181C66C37FB /* Pods */ = {
			isa = PBXGroup;
			children = (
				68A2EC67D6F01E426182F355 /* Pods-LernplattformApp.debug.xcconfig */,
				9BF2B678B1F8BA2B00A9927D /* Pods-LernplattformApp.release.xcconfig */,
			);
			name = Pods;
			sourceTree = "<group>";
		};
/* End PBXGroup section */

/* Begin PBXNativeTarget section */
		D268979D222E4FFE00ACC8D5 /* LernplattformApp */ = {
			isa = PBXNativeTarget;
			buildConfigurationList = D26897B0222E4FFE00ACC8D5 /* Build configuration list for PBXNativeTarget "LernplattformApp" */;
			buildPhases = (
				20E87FB77B211C107A4649E1 /* [CP] Check Pods Manifest.lock */,
				D268979A222E4FFE00ACC8D5 /* Sources */,
				D268979B222E4FFE00ACC8D5 /* Frameworks */,
				D268979C222E4FFE00ACC8D5 /* Resources */,
				5727CEC253A70D001CB3E6EC /* [CP] Embed Pods Frameworks */,
			);
			buildRules = (
			);
			dependencies = (
			);
			name = LernplattformApp;
			productName = LernplattformApp;
			productReference = D268979E222E4FFE00ACC8D5 /* LernplattformApp.app */;
			productType = "com.apple.product-type.application";
		};
/* End PBXNativeTarget section */

/* Begin PBXProject section */
		D2689796222E4FFE00ACC8D5 /* Project object */ = {
			isa = PBXProject;
			attributes = {
				LastSwiftUpdateCheck = 1010;
				LastUpgradeCheck = 1010;
				ORGANIZATIONNAME = "Alessandro Orlandi";
				TargetAttributes = {
					D268979D222E4FFE00ACC8D5 = {
						CreatedOnToolsVersion = 10.1;
					};
				};
			};
			buildConfigurationList = D2689799222E4FFE00ACC8D5 /* Build configuration list for PBXProject "LernplattformApp" */;
			compatibilityVersion = "Xcode 9.3";
			developmentRegion = en;
			hasScannedForEncodings = 0;
			knownRegions = (
				en,
				Base,
			);
			mainGroup = D2689795222E4FFE00ACC8D5;
			productRefGroup = D268979F222E4FFE00ACC8D5 /* Products */;
			projectDirPath = "";
			projectRoot = "";
			targets = (
				D268979D222E4FFE00ACC8D5 /* LernplattformApp */,
			);
		};
/* End PBXProject section */

/* Begin PBXResourcesBuildPhase section */
		D268979C222E4FFE00ACC8D5 /* Resources */ = {
			isa = PBXResourcesBuildPhase;
			buildActionMask = 2147483647;
			files = (
				D26897AC222E4FFE00ACC8D5 /* LaunchScreen.storyboard in Resources */,
				D26897A9222E4FFE00ACC8D5 /* Assets.xcassets in Resources */,
				D26897A7222E4FFE00ACC8D5 /* Main.storyboard in Resources */,
			);
			runOnlyForDeploymentPostprocessing = 0;
		};
/* End PBXResourcesBuildPhase section */

/* Begin PBXShellScriptBuildPhase section */
		20E87FB77B211C107A4649E1 /* [CP] Check Pods Manifest.lock */ = {
			isa = PBXShellScriptBuildPhase;
			buildActionMask = 2147483647;
			files = (
			);
			inputPaths = (
				"${PODS_PODFILE_DIR_PATH}/Podfile.lock",
				"${PODS_ROOT}/Manifest.lock",
			);
			name = "[CP] Check Pods Manifest.lock";
			outputPaths = (
				"$(DERIVED_FILE_DIR)/Pods-LernplattformApp-checkManifestLockResult.txt",
			);
			runOnlyForDeploymentPostprocessing = 0;
			shellPath = /bin/sh;
			shellScript = "diff \"${PODS_PODFILE_DIR_PATH}/Podfile.lock\" \"${PODS_ROOT}/Manifest.lock\" > /dev/null\nif [ $? != 0 ] ; then\n    # print error to STDERR\n    echo \"error: The sandbox is not in sync with the Podfile.lock. Run 'pod install' or update your CocoaPods installation.\" >&2\n    exit 1\nfi\n# This output is used by Xcode 'outputs' to avoid re-running this script phase.\necho \"SUCCESS\" > \"${SCRIPT_OUTPUT_FILE_0}\"\n";
			showEnvVarsInLog = 0;
		};
		5727CEC253A70D001CB3E6EC /* [CP] Embed Pods Frameworks */ = {
			isa = PBXShellScriptBuildPhase;
			buildActionMask = 2147483647;
			files = (
			);
			inputPaths = (
				"${SRCROOT}/Pods/Target Support Files/Pods-LernplattformApp/Pods-LernplattformApp-frameworks.sh",
				"${BUILT_PRODUCTS_DIR}/CVCalendar/CVCalendar.framework",
				"${BUILT_PRODUCTS_DIR}/SDWebImage/SDWebImage.framework",
			);
			name = "[CP] Embed Pods Frameworks";
			outputPaths = (
				"${TARGET_BUILD_DIR}/${FRAMEWORKS_FOLDER_PATH}/CVCalendar.framework",
				"${TARGET_BUILD_DIR}/${FRAMEWORKS_FOLDER_PATH}/SDWebImage.framework",
			);
			runOnlyForDeploymentPostprocessing = 0;
			shellPath = /bin/sh;
			shellScript = "\"${SRCROOT}/Pods/Target Support Files/Pods-LernplattformApp/Pods-LernplattformApp-frameworks.sh\"\n";
			showEnvVarsInLog = 0;
		};
/* End PBXShellScriptBuildPhase section */

/* Begin PBXSourcesBuildPhase section */
		D268979A222E4FFE00ACC8D5 /* Sources */ = {
			isa = PBXSourcesBuildPhase;
			buildActionMask = 2147483647;
			files = (
				D26897D8222EAEBA00ACC8D5 /* CalendarView.swift in Sources */,
				D26897C6222E521E00ACC8D5 /* BaseListController.swift in Sources */,
				D26897BB222E521300ACC8D5 /* API Models.swift in Sources */,
				D26897C8222E521E00ACC8D5 /* GradesViewController.swift in Sources */,
				D26897C7222E521E00ACC8D5 /* BaseTabBarController.swift in Sources */,
				D2C631A4222FB350001BD409 /* Service.swift in Sources */,
				D26897A4222E4FFE00ACC8D5 /* ViewController.swift in Sources */,
				D26897C9222E521E00ACC8D5 /* PlanningViewController.swift in Sources */,
				D26897CA222E521E00ACC8D5 /* ProfileViewController.swift in Sources */,
				D2C631A1222FAB26001BD409 /* CalendarTableViewCell.swift in Sources */,
				D26897A2222E4FFE00ACC8D5 /* AppDelegate.swift in Sources */,
				D26897BC222E521300ACC8D5 /* Extensions.swift in Sources */,
			);
			runOnlyForDeploymentPostprocessing = 0;
		};
/* End PBXSourcesBuildPhase section */

/* Begin PBXVariantGroup section */
		D26897A5222E4FFE00ACC8D5 /* Main.storyboard */ = {
			isa = PBXVariantGroup;
			children = (
				D26897A6222E4FFE00ACC8D5 /* Base */,
			);
			name = Main.storyboard;
			sourceTree = "<group>";
		};
		D26897AA222E4FFE00ACC8D5 /* LaunchScreen.storyboard */ = {
			isa = PBXVariantGroup;
			children = (
				D26897AB222E4FFE00ACC8D5 /* Base */,
			);
			name = LaunchScreen.storyboard;
			sourceTree = "<group>";
		};
/* End PBXVariantGroup section */

/* Begin XCBuildConfiguration section */
		D26897AE222E4FFE00ACC8D5 /* Debug */ = {
			isa = XCBuildConfiguration;
			buildSettings = {
				ALWAYS_SEARCH_USER_PATHS = NO;
				CLANG_ANALYZER_NONNULL = YES;
				CLANG_ANALYZER_NUMBER_OBJECT_CONVERSION = YES_AGGRESSIVE;
				CLANG_CXX_LANGUAGE_STANDARD = "gnu++14";
				CLANG_CXX_LIBRARY = "libc++";
				CLANG_ENABLE_MODULES = YES;
				CLANG_ENABLE_OBJC_ARC = YES;
				CLANG_ENABLE_OBJC_WEAK = YES;
				CLANG_WARN_BLOCK_CAPTURE_AUTORELEASING = YES;
				CLANG_WARN_BOOL_CONVERSION = YES;
				CLANG_WARN_COMMA = YES;
				CLANG_WARN_CONSTANT_CONVERSION = YES;
				CLANG_WARN_DEPRECATED_OBJC_IMPLEMENTATIONS = YES;
				CLANG_WARN_DIRECT_OBJC_ISA_USAGE = YES_ERROR;
				CLANG_WARN_DOCUMENTATION_COMMENTS = YES;
				CLANG_WARN_EMPTY_BODY = YES;
				CLANG_WARN_ENUM_CONVERSION = YES;
				CLANG_WARN_INFINITE_RECURSION = YES;
				CLANG_WARN_INT_CONVERSION = YES;
				CLANG_WARN_NON_LITERAL_NULL_CONVERSION = YES;
				CLANG_WARN_OBJC_IMPLICIT_RETAIN_SELF = YES;
				CLANG_WARN_OBJC_LITERAL_CONVERSION = YES;
				CLANG_WARN_OBJC_ROOT_CLASS = YES_ERROR;
				CLANG_WARN_RANGE_LOOP_ANALYSIS = YES;
				CLANG_WARN_STRICT_PROTOTYPES = YES;
				CLANG_WARN_SUSPICIOUS_MOVE = YES;
				CLANG_WARN_UNGUARDED_AVAILABILITY = YES_AGGRESSIVE;
				CLANG_WARN_UNREACHABLE_CODE = YES;
				CLANG_WARN__DUPLICATE_METHOD_MATCH = YES;
				CODE_SIGN_IDENTITY = "iPhone Developer";
				COPY_PHASE_STRIP = NO;
				DEBUG_INFORMATION_FORMAT = dwarf;
				ENABLE_STRICT_OBJC_MSGSEND = YES;
				ENABLE_TESTABILITY = YES;
				GCC_C_LANGUAGE_STANDARD = gnu11;
				GCC_DYNAMIC_NO_PIC = NO;
				GCC_NO_COMMON_BLOCKS = YES;
				GCC_OPTIMIZATION_LEVEL = 0;
				GCC_PREPROCESSOR_DEFINITIONS = (
					"DEBUG=1",
					"$(inherited)",
				);
				GCC_WARN_64_TO_32_BIT_CONVERSION = YES;
				GCC_WARN_ABOUT_RETURN_TYPE = YES_ERROR;
				GCC_WARN_UNDECLARED_SELECTOR = YES;
				GCC_WARN_UNINITIALIZED_AUTOS = YES_AGGRESSIVE;
				GCC_WARN_UNUSED_FUNCTION = YES;
				GCC_WARN_UNUSED_VARIABLE = YES;
				IPHONEOS_DEPLOYMENT_TARGET = 12.1;
				MTL_ENABLE_DEBUG_INFO = INCLUDE_SOURCE;
				MTL_FAST_MATH = YES;
				ONLY_ACTIVE_ARCH = YES;
				SDKROOT = iphoneos;
				SWIFT_ACTIVE_COMPILATION_CONDITIONS = DEBUG;
				SWIFT_OPTIMIZATION_LEVEL = "-Onone";
			};
			name = Debug;
		};
		D26897AF222E4FFE00ACC8D5 /* Release */ = {
			isa = XCBuildConfiguration;
			buildSettings = {
				ALWAYS_SEARCH_USER_PATHS = NO;
				CLANG_ANALYZER_NONNULL = YES;
				CLANG_ANALYZER_NUMBER_OBJECT_CONVERSION = YES_AGGRESSIVE;
				CLANG_CXX_LANGUAGE_STANDARD = "gnu++14";
				CLANG_CXX_LIBRARY = "libc++";
				CLANG_ENABLE_MODULES = YES;
				CLANG_ENABLE_OBJC_ARC = YES;
				CLANG_ENABLE_OBJC_WEAK = YES;
				CLANG_WARN_BLOCK_CAPTURE_AUTORELEASING = YES;
				CLANG_WARN_BOOL_CONVERSION = YES;
				CLANG_WARN_COMMA = YES;
				CLANG_WARN_CONSTANT_CONVERSION = YES;
				CLANG_WARN_DEPRECATED_OBJC_IMPLEMENTATIONS = YES;
				CLANG_WARN_DIRECT_OBJC_ISA_USAGE = YES_ERROR;
				CLANG_WARN_DOCUMENTATION_COMMENTS = YES;
				CLANG_WARN_EMPTY_BODY = YES;
				CLANG_WARN_ENUM_CONVERSION = YES;
				CLANG_WARN_INFINITE_RECURSION = YES;
				CLANG_WARN_INT_CONVERSION = YES;
				CLANG_WARN_NON_LITERAL_NULL_CONVERSION = YES;
				CLANG_WARN_OBJC_IMPLICIT_RETAIN_SELF = YES;
				CLANG_WARN_OBJC_LITERAL_CONVERSION = YES;
				CLANG_WARN_OBJC_ROOT_CLASS = YES_ERROR;
				CLANG_WARN_RANGE_LOOP_ANALYSIS = YES;
				CLANG_WARN_STRICT_PROTOTYPES = YES;
				CLANG_WARN_SUSPICIOUS_MOVE = YES;
				CLANG_WARN_UNGUARDED_AVAILABILITY = YES_AGGRESSIVE;
				CLANG_WARN_UNREACHABLE_CODE = YES;
				CLANG_WARN__DUPLICATE_METHOD_MATCH = YES;
				CODE_SIGN_IDENTITY = "iPhone Developer";
				COPY_PHASE_STRIP = NO;
				DEBUG_INFORMATION_FORMAT = "dwarf-with-dsym";
				ENABLE_NS_ASSERTIONS = NO;
				ENABLE_STRICT_OBJC_MSGSEND = YES;
				GCC_C_LANGUAGE_STANDARD = gnu11;
				GCC_NO_COMMON_BLOCKS = YES;
				GCC_WARN_64_TO_32_BIT_CONVERSION = YES;
				GCC_WARN_ABOUT_RETURN_TYPE = YES_ERROR;
				GCC_WARN_UNDECLARED_SELECTOR = YES;
				GCC_WARN_UNINITIALIZED_AUTOS = YES_AGGRESSIVE;
				GCC_WARN_UNUSED_FUNCTION = YES;
				GCC_WARN_UNUSED_VARIABLE = YES;
				IPHONEOS_DEPLOYMENT_TARGET = 12.1;
				MTL_ENABLE_DEBUG_INFO = NO;
				MTL_FAST_MATH = YES;
				SDKROOT = iphoneos;
				SWIFT_COMPILATION_MODE = wholemodule;
				SWIFT_OPTIMIZATION_LEVEL = "-O";
				VALIDATE_PRODUCT = YES;
			};
			name = Release;
		};
		D26897B1222E4FFE00ACC8D5 /* Debug */ = {
			isa = XCBuildConfiguration;
			baseConfigurationReference = 68A2EC67D6F01E426182F355 /* Pods-LernplattformApp.debug.xcconfig */;
			buildSettings = {
				ASSETCATALOG_COMPILER_APPICON_NAME = AppIcon;
				CODE_SIGN_STYLE = Automatic;
				DEVELOPMENT_TEAM = C45L3882JT;
				INFOPLIST_FILE = LernplattformApp/Info.plist;
				LD_RUNPATH_SEARCH_PATHS = (
					"$(inherited)",
					"@executable_path/Frameworks",
				);
				PRODUCT_BUNDLE_IDENTIFIER = "ao-appdeveloper.LernplattformApp";
				PRODUCT_NAME = "$(TARGET_NAME)";
				SWIFT_VERSION = 4.2;
				TARGETED_DEVICE_FAMILY = "1,2";
			};
			name = Debug;
		};
		D26897B2222E4FFE00ACC8D5 /* Release */ = {
			isa = XCBuildConfiguration;
			baseConfigurationReference = 9BF2B678B1F8BA2B00A9927D /* Pods-LernplattformApp.release.xcconfig */;
			buildSettings = {
				ASSETCATALOG_COMPILER_APPICON_NAME = AppIcon;
				CODE_SIGN_STYLE = Automatic;
				DEVELOPMENT_TEAM = C45L3882JT;
				INFOPLIST_FILE = LernplattformApp/Info.plist;
				LD_RUNPATH_SEARCH_PATHS = (
					"$(inherited)",
					"@executable_path/Frameworks",
				);
				PRODUCT_BUNDLE_IDENTIFIER = "ao-appdeveloper.LernplattformApp";
				PRODUCT_NAME = "$(TARGET_NAME)";
				SWIFT_VERSION = 4.2;
				TARGETED_DEVICE_FAMILY = "1,2";
			};
			name = Release;
		};
/* End XCBuildConfiguration section */

/* Begin XCConfigurationList section */
		D2689799222E4FFE00ACC8D5 /* Build configuration list for PBXProject "LernplattformApp" */ = {
			isa = XCConfigurationList;
			buildConfigurations = (
				D26897AE222E4FFE00ACC8D5 /* Debug */,
				D26897AF222E4FFE00ACC8D5 /* Release */,
			);
			defaultConfigurationIsVisible = 0;
			defaultConfigurationName = Release;
		};
		D26897B0222E4FFE00ACC8D5 /* Build configuration list for PBXNativeTarget "LernplattformApp" */ = {
			isa = XCConfigurationList;
			buildConfigurations = (
				D26897B1222E4FFE00ACC8D5 /* Debug */,
				D26897B2222E4FFE00ACC8D5 /* Release */,
			);
			defaultConfigurationIsVisible = 0;
			defaultConfigurationName = Release;
		};
/* End XCConfigurationList section */
	};
	rootObject = D2689796222E4FFE00ACC8D5 /* Project object */;
}
